{
  "version": 4,
  "terraform_version": "1.7.3",
  "serial": 14,
  "lineage": "4913e7d0-7cbd-e3b4-7a35-717bc18daf54",
  "outputs": {},
  "resources": [
    {
      "mode": "managed",
      "type": "grafana_dashboard",
      "name": "example_dashboard",
      "provider": "provider[\"registry.terraform.io/grafana/grafana\"]",
      "instances": [
        {
          "schema_version": 1,
          "attributes": {
            "config_json": "{\"title\":\"Dashboard from Terraform\",\"uid\":\"terraformdashboard\"}",
            "dashboard_id": 4,
            "folder": 0,
            "id": "terraformdashboard",
            "overwrite": null,
            "slug": "dashboard-from-terraform",
            "uid": "terraformdashboard",
            "version": 4
          },
          "sensitive_attributes": [],
          "private": "eyJzY2hlbWFfdmVyc2lvbiI6IjEifQ==",
          "dependencies": [
            "grafana_data_source.prometheus"
          ]
        }
      ]
    },
    {
      "mode": "managed",
      "type": "grafana_data_source",
      "name": "prometheus",
      "provider": "provider[\"registry.terraform.io/grafana/grafana\"]",
      "instances": [
        {
          "schema_version": 0,
          "attributes": {
            "access_mode": "proxy",
            "basic_auth_enabled": false,
            "basic_auth_password": "",
            "basic_auth_username": "",
            "database_name": "",
            "id": "3",
            "is_default": true,
            "json_data": [],
            "name": "Prometheus",
            "password": "",
            "secure_json_data": [],
            "type": "prometheus",
            "url": "http://172.20.103.62:9090",
            "username": ""
          },
          "sensitive_attributes": [],
          "private": "bnVsbA=="
        }
      ]
    }
  ],
  "check_results": null
}
